
Microsoft Visual Studio Solution File, Format Version 12.00
# Visual Studio 15
VisualStudioVersion = 15.0.26730.15
MinimumVisualStudioVersion = 10.0.40219.1
Project("{9A19103F-16F7-4668-BE54-9A1E7A4F7556}") = "Around.Core", "Around.Core\Around.Core.csproj", "{FC646CB2-4934-4698-954D-2E48A408901A}"
EndProject
Project("{9A19103F-16F7-4668-BE54-9A1E7A4F7556}") = "Around.DataAccess.SqlServer", "Around.DataAccess.SqlServer\Around.DataAccess.SqlServer.csproj", "{46D0E7B2-23EE-4B78-BE60-8C33699BA9D8}"
EndProject
Project("{9A19103F-16F7-4668-BE54-9A1E7A4F7556}") = "Around.Web", "Around.Web\Around.Web.csproj", "{7A45F771-B66D-4623-8600-D4A9242C671E}"
EndProject
Global
	GlobalSection(SolutionConfigurationPlatforms) = preSolution
		Debug|Any CPU = Debug|Any CPU
		Release|Any CPU = Release|Any CPU
	EndGlobalSection
	GlobalSection(ProjectConfigurationPlatforms) = postSolution
		{FC646CB2-4934-4698-954D-2E48A408901A}.Debug|Any CPU.ActiveCfg = Debug|Any CPU
		{FC646CB2-4934-4698-954D-2E48A408901A}.Debug|Any CPU.Build.0 = Debug|Any CPU
		{FC646CB2-4934-4698-954D-2E48A408901A}.Release|Any CPU.ActiveCfg = Release|Any CPU
		{FC646CB2-4934-4698-954D-2E48A408901A}.Release|Any CPU.Build.0 = Release|Any CPU
		{46D0E7B2-23EE-4B78-BE60-8C33699BA9D8}.Debug|Any CPU.ActiveCfg = Debug|Any CPU
		{46D0E7B2-23EE-4B78-BE60-8C33699BA9D8}.Debug|Any CPU.Build.0 = Debug|Any CPU
		{46D0E7B2-23EE-4B78-BE60-8C33699BA9D8}.Release|Any CPU.ActiveCfg = Release|Any CPU
		{46D0E7B2-23EE-4B78-BE60-8C33699BA9D8}.Release|Any CPU.Build.0 = Release|Any CPU
		{7A45F771-B66D-4623-8600-D4A9242C671E}.Debug|Any CPU.ActiveCfg = Debug|Any CPU
		{7A45F771-B66D-4623-8600-D4A9242C671E}.Debug|Any CPU.Build.0 = Debug|Any CPU
		{7A45F771-B66D-4623-8600-D4A9242C671E}.Release|Any CPU.ActiveCfg = Release|Any CPU
		{7A45F771-B66D-4623-8600-D4A9242C671E}.Release|Any CPU.Build.0 = Release|Any CPU
	EndGlobalSection
	GlobalSection(SolutionProperties) = preSolution
		HideSolutionNode = FALSE
	EndGlobalSection
	GlobalSection(ExtensibilityGlobals) = postSolution
		SolutionGuid = {F31844E2-3284-4A65-A063-13AE2B412FDC}
	EndGlobalSection
EndGlobal
